
Microsoft Visual Studio Solution File, Format Version 12.00
# Visual Studio Version 17
VisualStudioVersion = 17.10.35122.118
MinimumVisualStudioVersion = 10.0.40219.1
Project("{FAE04EC0-301F-11D3-BF4B-00C04F79EFBC}") = "C43-G01-OOP01_demo", "C43-G01-OOP01_demo\C43-G01-OOP01_demo.csproj", "{2221A87A-4C94-45BA-A175-147102682A41}"
EndProject
Global
	GlobalSection(SolutionConfigurationPlatforms) = preSolution
		Debug|Any CPU = Debug|Any CPU
		Release|Any CPU = Release|Any CPU
	EndGlobalSection
	GlobalSection(ProjectConfigurationPlatforms) = postSolution
		{2221A87A-4C94-45BA-A175-147102682A41}.Debug|Any CPU.ActiveCfg = Debug|Any CPU
		{2221A87A-4C94-45BA-A175-147102682A41}.Debug|Any CPU.Build.0 = Debug|Any CPU
		{2221A87A-4C94-45BA-A175-147102682A41}.Release|Any CPU.ActiveCfg = Release|Any CPU
		{2221A87A-4C94-45BA-A175-147102682A41}.Release|Any CPU.Build.0 = Release|Any CPU
	EndGlobalSection
	GlobalSection(SolutionProperties) = preSolution
		HideSolutionNode = FALSE
	EndGlobalSection
	GlobalSection(ExtensibilityGlobals) = postSolution
		SolutionGuid = {B5F38ED7-FFC4-45AB-A5DE-3EA4393715A3}
	EndGlobalSection
EndGlobal
